<?xml version="1.0" encoding="utf-8"?>
<Project ToolsVersion="4.0" xmlns="http://schemas.microsoft.com/developer/msbuild/2003">
  <ItemGroup>
    <Filter Include="소스 파일">
      <UniqueIdentifier>{4FC737F1-C7A5-4376-A066-2A32D752A2FF}</UniqueIdentifier>
      <Extensions>cpp;c;cc;cxx;c++;cppm;ixx;def;odl;idl;hpj;bat;asm;asmx</Extensions>
    </Filter>
    <Filter Include="소스 파일\3. Greedy">
      <UniqueIdentifier>{0bd727aa-9309-43f3-8c4e-da6b592d34d6}</UniqueIdentifier>
    </Filter>
    <Filter Include="소스 파일\4. Implementation">
      <UniqueIdentifier>{98cb7243-47c0-440b-89b4-773cbef0abc9}</UniqueIdentifier>
    </Filter>
    <Filter Include="소스 파일\7. BinarySearch">
      <UniqueIdentifier>{6967f24d-95c1-428e-bd75-d6f18bc4e482}</UniqueIdentifier>
    </Filter>
    <Filter Include="소스 파일\6. Sort">
      <UniqueIdentifier>{e1bb5aa0-f468-49d7-9909-5f8f40a8d35c}</UniqueIdentifier>
    </Filter>
    <Filter Include="소스 파일\8. DynamicProgramming">
      <UniqueIdentifier>{356f18d8-4695-41d6-8dab-3676b6937180}</UniqueIdentifier>
    </Filter>
    <Filter Include="소스 파일\9. Shortest Path">
      <UniqueIdentifier>{bbafd397-2a40-4180-999e-7b5bc2b6d8c1}</UniqueIdentifier>
    </Filter>
    <Filter Include="소스 파일\10. Graph">
      <UniqueIdentifier>{3e6a6ec8-0978-4f4e-88e1-c13d9ad23610}</UniqueIdentifier>
    </Filter>
    <Filter Include="소스 파일\1. TestSets">
      <UniqueIdentifier>{e29cc0f7-9d96-4e53-9b84-35ff4d0ebb83}</UniqueIdentifier>
    </Filter>
    <Filter Include="소스 파일\5. DFS/BFS">
      <UniqueIdentifier>{8d37fcfd-9f82-4f12-af2b-49279de1abd7}</UniqueIdentifier>
    </Filter>
  </ItemGroup>
  <ItemGroup>
    <ClCompile Include="CodingTester.cpp">
      <Filter>소스 파일</Filter>
    </ClCompile>
    <ClCompile Include="[3-4] 1이 될 때까지.cpp">
      <Filter>소스 파일\3. Greedy</Filter>
    </ClCompile>
    <ClCompile Include="[3-1] 거스름돈.cpp">
      <Filter>소스 파일\3. Greedy</Filter>
    </ClCompile>
    <ClCompile Include="[3-2] 큰 수의 법칙.cpp">
      <Filter>소스 파일\3. Greedy</Filter>
    </ClCompile>
    <ClCompile Include="[3-3] 숫자 카드 게임.cpp">
      <Filter>소스 파일\3. Greedy</Filter>
    </ClCompile>
    <ClCompile Include="[4-1] 상하좌우.cpp">
      <Filter>소스 파일\4. Implementation</Filter>
    </ClCompile>
    <ClCompile Include="[4-2] 시각.cpp">
      <Filter>소스 파일\4. Implementation</Filter>
    </ClCompile>
    <ClCompile Include="[4-3] 왕실의 나이트.cpp">
      <Filter>소스 파일\4. Implementation</Filter>
    </ClCompile>
    <ClCompile Include="[4-4] 게임 개발.cpp">
      <Filter>소스 파일\4. Implementation</Filter>
    </ClCompile>
    <ClCompile Include="[6-1] 위에서 아래로.cpp">
      <Filter>소스 파일\6. Sort</Filter>
    </ClCompile>
    <ClCompile Include="[6-3] 두 배열의 원소 교체.cpp">
      <Filter>소스 파일\6. Sort</Filter>
    </ClCompile>
    <ClCompile Include="[7-1] 부품 찾기.cpp">
      <Filter>소스 파일\7. BinarySearch</Filter>
    </ClCompile>
    <ClCompile Include="[7-2] 떡볶이 떡 만들기.cpp">
      <Filter>소스 파일\7. BinarySearch</Filter>
    </ClCompile>
    <ClCompile Include="[6-2] 성적이 낮은 순서로 학생 출력하기.cpp">
      <Filter>소스 파일\6. Sort</Filter>
    </ClCompile>
    <ClCompile Include="[5-1] 음료수 얼려먹기.cpp">
      <Filter>소스 파일\5. DFS/BFS</Filter>
    </ClCompile>
    <ClCompile Include="[5-2] 미로 탈출.cpp">
      <Filter>소스 파일\5. DFS/BFS</Filter>
    </ClCompile>
    <ClCompile Include="[5-3] 감시.cpp">
      <Filter>소스 파일\5. DFS/BFS</Filter>
    </ClCompile>
    <ClCompile Include="[8-1] 1로 만들기.cpp">
      <Filter>소스 파일\8. DynamicProgramming</Filter>
    </ClCompile>
    <ClCompile Include="[8-2] 개미 전사.cpp">
      <Filter>소스 파일\8. DynamicProgramming</Filter>
    </ClCompile>
    <ClCompile Include="[8-3] 바닥공사.cpp">
      <Filter>소스 파일\8. DynamicProgramming</Filter>
    </ClCompile>
    <ClCompile Include="[8-4] 효율적인 화폐 구성.cpp">
      <Filter>소스 파일\8. DynamicProgramming</Filter>
    </ClCompile>
    <ClCompile Include="[8-5] 평범한 배낭 (12865).cpp">
      <Filter>소스 파일\8. DynamicProgramming</Filter>
    </ClCompile>
    <ClCompile Include="[8-5] 평범한 배낭 제출용.cpp">
      <Filter>소스 파일\8. DynamicProgramming</Filter>
    </ClCompile>
    <ClCompile Include="[9-1] 미래 도시.cpp">
      <Filter>소스 파일\9. Shortest Path</Filter>
    </ClCompile>
    <ClCompile Include="[9-2] 전보.cpp">
      <Filter>소스 파일\9. Shortest Path</Filter>
    </ClCompile>
    <ClCompile Include="[10-1] 팀 결성.cpp">
      <Filter>소스 파일\10. Graph</Filter>
    </ClCompile>
    <ClCompile Include="[10-2] 도시 분할 계획.cpp">
      <Filter>소스 파일\10. Graph</Filter>
    </ClCompile>
    <ClCompile Include="[10-3] 커리큘럼.cpp">
      <Filter>소스 파일\10. Graph</Filter>
    </ClCompile>
    <ClCompile Include="[11-1] 모험가 길드.cpp">
      <Filter>소스 파일\3. Greedy</Filter>
    </ClCompile>
    <ClCompile Include="[11-2] 곱하기 혹은 더하기.cpp">
      <Filter>소스 파일\3. Greedy</Filter>
    </ClCompile>
    <ClCompile Include="[11-3] 문자열 뒤집기.cpp">
      <Filter>소스 파일\3. Greedy</Filter>
    </ClCompile>
    <ClCompile Include="[11-4] 만들 수 없는 금액.cpp">
      <Filter>소스 파일\3. Greedy</Filter>
    </ClCompile>
    <ClCompile Include="[11-5] 볼링공 고르기.cpp">
      <Filter>소스 파일\3. Greedy</Filter>
    </ClCompile>
    <ClCompile Include="[11-6] 무지의 먹방 라이브.cpp">
      <Filter>소스 파일\3. Greedy</Filter>
    </ClCompile>
    <ClCompile Include="[12-1] 럭키 스트레이트.cpp">
      <Filter>소스 파일\4. Implementation</Filter>
    </ClCompile>
    <ClCompile Include="[12-2] 문자열 재정렬.cpp">
      <Filter>소스 파일\4. Implementation</Filter>
    </ClCompile>
    <ClCompile Include="[12-3] 문자열 압축.cpp">
      <Filter>소스 파일\4. Implementation</Filter>
    </ClCompile>
    <ClCompile Include="[12-4] 자물쇠와 열쇠.cpp">
      <Filter>소스 파일\4. Implementation</Filter>
    </ClCompile>
    <ClCompile Include="[B11399] ATM.cpp">
      <Filter>소스 파일\3. Greedy</Filter>
    </ClCompile>
    <ClCompile Include="[12-5] 뱀.cpp">
      <Filter>소스 파일\4. Implementation</Filter>
    </ClCompile>
    <ClCompile Include="[12-6] 기둥과 보 설치.cpp">
      <Filter>소스 파일\4. Implementation</Filter>
    </ClCompile>
    <ClCompile Include="[12-7] 치킨 배달%28B15686%29.cpp">
      <Filter>소스 파일\4. Implementation</Filter>
    </ClCompile>
    <ClCompile Include="[12-8] 외벽 점검%28P60062%29.cpp">
      <Filter>소스 파일\4. Implementation</Filter>
    </ClCompile>
    <ClCompile Include="[13-1] 특정 거리의 도시 찾기%28B18352%29.cpp">
      <Filter>소스 파일\5. DFS/BFS</Filter>
    </ClCompile>
    <ClCompile Include="[13-2] 연구소%28B14502%29.cpp">
      <Filter>소스 파일\5. DFS/BFS</Filter>
    </ClCompile>
    <ClCompile Include="[13-3] 경쟁적 전염(B18405).cpp">
      <Filter>소스 파일\5. DFS/BFS</Filter>
    </ClCompile>
    <ClCompile Include="[13-4] 괄호 변환%28PC30L60058%29.cpp">
      <Filter>소스 파일\5. DFS/BFS</Filter>
    </ClCompile>
    <ClCompile Include="[13-5] 연산자 끼워 넣기(B14888).cpp">
      <Filter>소스 파일\5. DFS/BFS</Filter>
    </ClCompile>
    <ClCompile Include="[13-7] 인구 이동%28B16234%29.cpp">
      <Filter>소스 파일\5. DFS/BFS</Filter>
    </ClCompile>
    <ClCompile Include="[13-6] 감시 피하기(B18428).cpp">
      <Filter>소스 파일\5. DFS/BFS</Filter>
    </ClCompile>
    <ClCompile Include="[13-8] 블록 이동하기%28PC30L60063%29.cpp">
      <Filter>소스 파일\5. DFS/BFS</Filter>
    </ClCompile>
    <ClCompile Include="[14-1] 국영수(B10825).cpp">
      <Filter>소스 파일\6. Sort</Filter>
    </ClCompile>
    <ClCompile Include="[14-2] 안테나%28B18310%29.cpp">
      <Filter>소스 파일\6. Sort</Filter>
    </ClCompile>
    <ClCompile Include="[14-3] 실패율(PC30L42889).cpp">
      <Filter>소스 파일\6. Sort</Filter>
    </ClCompile>
    <ClCompile Include="[14-4] 카드 정렬하기(B1715).cpp">
      <Filter>소스 파일\6. Sort</Filter>
    </ClCompile>
    <ClCompile Include="[15-1] 정렬된 배열에서 특정 수의 개수 구하기.cpp">
      <Filter>소스 파일\7. BinarySearch</Filter>
    </ClCompile>
    <ClCompile Include="[15-2] 고정점 찾기.cpp">
      <Filter>소스 파일\7. BinarySearch</Filter>
    </ClCompile>
    <ClCompile Include="[15-3] 공유기 설치%28B2110%29.cpp">
      <Filter>소스 파일\7. BinarySearch</Filter>
    </ClCompile>
    <ClCompile Include="[15-4] 가사 검색%28PC30L60060%29.cpp">
      <Filter>소스 파일\7. BinarySearch</Filter>
    </ClCompile>
  </ItemGroup>
  <ItemGroup>
    <ClInclude Include="CodingTester.h">
      <Filter>소스 파일</Filter>
    </ClInclude>
    <ClInclude Include="core.h">
      <Filter>소스 파일</Filter>
    </ClInclude>
  </ItemGroup>
  <ItemGroup>
    <Text Include="CodeForm.cpp">
      <Filter>소스 파일</Filter>
    </Text>
    <Text Include="..\..\..\TestSets\3-1.txt">
      <Filter>소스 파일\1. TestSets</Filter>
    </Text>
    <Text Include="..\..\..\TestSets\3-2.txt">
      <Filter>소스 파일\1. TestSets</Filter>
    </Text>
    <Text Include="..\..\..\TestSets\3-3.txt">
      <Filter>소스 파일\1. TestSets</Filter>
    </Text>
    <Text Include="..\..\..\TestSets\3-4.txt">
      <Filter>소스 파일\1. TestSets</Filter>
    </Text>
    <Text Include="..\..\..\TestSets\4-1.txt">
      <Filter>소스 파일\1. TestSets</Filter>
    </Text>
    <Text Include="..\..\..\TestSets\4-2.txt">
      <Filter>소스 파일\1. TestSets</Filter>
    </Text>
    <Text Include="..\..\..\TestSets\4-3.txt">
      <Filter>소스 파일\1. TestSets</Filter>
    </Text>
    <Text Include="..\..\..\TestSets\4-4.txt">
      <Filter>소스 파일\1. TestSets</Filter>
    </Text>
    <Text Include="..\..\..\TestSets\5-1.txt">
      <Filter>소스 파일\1. TestSets</Filter>
    </Text>
    <Text Include="..\..\..\TestSets\5-2.txt">
      <Filter>소스 파일\1. TestSets</Filter>
    </Text>
    <Text Include="..\..\..\TestSets\5-3.txt">
      <Filter>소스 파일\1. TestSets</Filter>
    </Text>
    <Text Include="..\..\..\TestSets\6-1.txt">
      <Filter>소스 파일\1. TestSets</Filter>
    </Text>
    <Text Include="..\..\..\TestSets\6-2.txt">
      <Filter>소스 파일\1. TestSets</Filter>
    </Text>
    <Text Include="..\..\..\TestSets\6-3.txt">
      <Filter>소스 파일\1. TestSets</Filter>
    </Text>
    <Text Include="..\..\..\TestSets\7-1.txt">
      <Filter>소스 파일\1. TestSets</Filter>
    </Text>
    <Text Include="..\..\..\TestSets\7-2.txt">
      <Filter>소스 파일\1. TestSets</Filter>
    </Text>
    <Text Include="..\..\..\TestSets\8-1.txt">
      <Filter>소스 파일\1. TestSets</Filter>
    </Text>
    <Text Include="..\..\..\TestSets\8-2.txt">
      <Filter>소스 파일\1. TestSets</Filter>
    </Text>
    <Text Include="..\..\..\TestSets\8-3.txt">
      <Filter>소스 파일\1. TestSets</Filter>
    </Text>
    <Text Include="..\..\..\TestSets\8-4.txt">
      <Filter>소스 파일\1. TestSets</Filter>
    </Text>
    <Text Include="..\..\..\TestSets\8-5.txt">
      <Filter>소스 파일\1. TestSets</Filter>
    </Text>
    <Text Include="..\..\..\TestSets\9-1.txt">
      <Filter>소스 파일\1. TestSets</Filter>
    </Text>
    <Text Include="..\..\..\TestSets\9-2.txt">
      <Filter>소스 파일\1. TestSets</Filter>
    </Text>
    <Text Include="..\..\..\TestSets\10-1.txt">
      <Filter>소스 파일\1. TestSets</Filter>
    </Text>
    <Text Include="..\..\..\TestSets\10-2.txt">
      <Filter>소스 파일\1. TestSets</Filter>
    </Text>
    <Text Include="..\..\..\TestSets\10-3.txt">
      <Filter>소스 파일\1. TestSets</Filter>
    </Text>
    <Text Include="..\..\..\TestSets\11-1.txt">
      <Filter>소스 파일\1. TestSets</Filter>
    </Text>
    <Text Include="..\..\..\TestSets\11-2.txt">
      <Filter>소스 파일\1. TestSets</Filter>
    </Text>
    <Text Include="..\..\..\TestSets\11-3.txt">
      <Filter>소스 파일\1. TestSets</Filter>
    </Text>
    <Text Include="..\..\..\TestSets\11-4.txt">
      <Filter>소스 파일\1. TestSets</Filter>
    </Text>
    <Text Include="..\..\..\TestSets\11-5.txt">
      <Filter>소스 파일\1. TestSets</Filter>
    </Text>
    <Text Include="..\..\..\TestSets\11-6.txt">
      <Filter>소스 파일\1. TestSets</Filter>
    </Text>
    <Text Include="..\..\..\TestSets\12-1.txt">
      <Filter>소스 파일\1. TestSets</Filter>
    </Text>
    <Text Include="..\..\..\TestSets\12-2.txt">
      <Filter>소스 파일\1. TestSets</Filter>
    </Text>
    <Text Include="..\..\..\TestSets\12-3.txt">
      <Filter>소스 파일\1. TestSets</Filter>
    </Text>
    <Text Include="..\..\..\TestSets\12-4.txt">
      <Filter>소스 파일\1. TestSets</Filter>
    </Text>
    <Text Include="..\..\..\TestSets\12-5.txt">
      <Filter>소스 파일\1. TestSets</Filter>
    </Text>
    <Text Include="..\..\..\TestSets\12-6.txt">
      <Filter>소스 파일\1. TestSets</Filter>
    </Text>
    <Text Include="..\..\..\TestSets\12-7.txt">
      <Filter>소스 파일\1. TestSets</Filter>
    </Text>
    <Text Include="..\..\..\TestSets\12-8.txt">
      <Filter>소스 파일\1. TestSets</Filter>
    </Text>
    <Text Include="..\..\..\TestSets\13-1.txt">
      <Filter>소스 파일\1. TestSets</Filter>
    </Text>
    <Text Include="..\..\..\TestSets\13-2.txt">
      <Filter>소스 파일\1. TestSets</Filter>
    </Text>
    <Text Include="..\..\..\TestSets\13-3.txt">
      <Filter>소스 파일\1. TestSets</Filter>
    </Text>
    <Text Include="..\..\..\TestSets\13-4.txt">
      <Filter>소스 파일\1. TestSets</Filter>
    </Text>
    <Text Include="..\..\..\TestSets\13-5.txt">
      <Filter>소스 파일\1. TestSets</Filter>
    </Text>
    <Text Include="..\..\..\TestSets\B11399.txt">
      <Filter>소스 파일\1. TestSets</Filter>
    </Text>
    <Text Include="..\..\..\TestSets\13-6.txt">
      <Filter>소스 파일\1. TestSets</Filter>
    </Text>
    <Text Include="..\..\..\TestSets\13-7.txt">
      <Filter>소스 파일\1. TestSets</Filter>
    </Text>
    <Text Include="..\..\..\TestSets\13-8.txt">
      <Filter>소스 파일\1. TestSets</Filter>
    </Text>
    <Text Include="..\..\..\TestSets\14-1.txt">
      <Filter>소스 파일\1. TestSets</Filter>
    </Text>
    <Text Include="..\..\..\TestSets\14-2.txt">
      <Filter>소스 파일\1. TestSets</Filter>
    </Text>
    <Text Include="..\..\..\TestSets\14-3.txt">
      <Filter>소스 파일\1. TestSets</Filter>
    </Text>
    <Text Include="..\..\..\TestSets\14-4.txt">
      <Filter>소스 파일\1. TestSets</Filter>
    </Text>
    <Text Include="..\..\..\TestSets\15-1.txt">
      <Filter>소스 파일\1. TestSets</Filter>
    </Text>
    <Text Include="..\..\..\TestSets\15-2.txt">
      <Filter>소스 파일\1. TestSets</Filter>
    </Text>
    <Text Include="..\..\..\TestSets\15-3.txt">
      <Filter>소스 파일\1. TestSets</Filter>
    </Text>
    <Text Include="..\..\..\TestSets\15-4.txt">
      <Filter>소스 파일\1. TestSets</Filter>
    </Text>
  </ItemGroup>
</Project>